version = 1
revision = 3
requires-python = ">=3.8"
resolution-markers = [
    "python_full_version >= '3.10' and sys_platform != 'win32'",
    "python_full_version == '3.9.*' and sys_platform != 'win32'",
    "python_full_version < '3.9' and sys_platform != 'win32'",
    "python_full_version >= '3.10' and sys_platform == 'win32'",
    "python_full_version == '3.9.*' and sys_platform == 'win32'",
    "python_full_version < '3.9' and sys_platform == 'win32'",
]
required-markers = [
    "sys_platform == 'win32'",
    "sys_platform == 'linux'",
    "sys_platform == 'darwin'",
]

[[package]]
name = "astviewer"
version = "1.1.3rc2"
source = { editable = "." }
dependencies = [
    { name = "pyqt5" },
]

[package.metadata]
requires-dist = [{ name = "pyqt5", specifier = ">=5.15.11" }]

[[package]]
name = "pyqt5"
version = "5.15.11"
source = { registry = "https://pypi.org/simple" }
dependencies = [
    { name = "pyqt5-qt5", version = "5.15.2", source = { registry = "https://pypi.org/simple" }, marker = "sys_platform == 'win32'" },
    { name = "pyqt5-qt5", version = "5.15.18", source = { registry = "https://pypi.org/simple" }, marker = "sys_platform != 'win32'" },
    { name = "pyqt5-sip", version = "12.15.0", source = { registry = "https://pypi.org/simple" }, marker = "python_full_version < '3.9'" },
    { name = "pyqt5-sip", version = "12.17.1", source = { registry = "https://pypi.org/simple" }, marker = "python_full_version == '3.9.*'" },
    { name = "pyqt5-sip", version = "12.18.0", source = { registry = "https://pypi.org/simple" }, marker = "python_full_version >= '3.10'" },
]
sdist = { url = "https://files.pythonhosted.org/packages/0e/07/c9ed0bd428df6f87183fca565a79fee19fa7c88c7f00a7f011ab4379e77a/PyQt5-5.15.11.tar.gz", hash = "sha256:fda45743ebb4a27b4b1a51c6d8ef455c4c1b5d610c90d2934c7802b5c1557c52", size = 3216775, upload-time = "2024-07-19T08:39:57.756Z" }
wheels = [
    { url = "https://files.pythonhosted.org/packages/11/64/42ec1b0bd72d87f87bde6ceb6869f444d91a2d601f2e67cd05febc0346a1/PyQt5-5.15.11-cp38-abi3-macosx_11_0_arm64.whl", hash = "sha256:c8b03dd9380bb13c804f0bdb0f4956067f281785b5e12303d529f0462f9afdc2", size = 6579776, upload-time = "2024-07-19T08:39:19.775Z" },
    { url = "https://files.pythonhosted.org/packages/49/f5/3fb696f4683ea45d68b7e77302eff173493ac81e43d63adb60fa760b9f91/PyQt5-5.15.11-cp38-abi3-macosx_11_0_x86_64.whl", hash = "sha256:6cd75628f6e732b1ffcfe709ab833a0716c0445d7aec8046a48d5843352becb6", size = 7016415, upload-time = "2024-07-19T08:39:32.977Z" },
    { url = "https://files.pythonhosted.org/packages/b4/8c/4065950f9d013c4b2e588fe33cf04e564c2322842d84dbcbce5ba1dc28b0/PyQt5-5.15.11-cp38-abi3-manylinux_2_17_x86_64.whl", hash = "sha256:cd672a6738d1ae33ef7d9efa8e6cb0a1525ecf53ec86da80a9e1b6ec38c8d0f1", size = 8188103, upload-time = "2024-07-19T08:39:40.561Z" },
    { url = "https://files.pythonhosted.org/packages/f3/f0/ae5a5b4f9b826b29ea4be841b2f2d951bcf5ae1d802f3732b145b57c5355/PyQt5-5.15.11-cp38-abi3-win32.whl", hash = "sha256:76be0322ceda5deecd1708a8d628e698089a1cea80d1a49d242a6d579a40babd", size = 5433308, upload-time = "2024-07-19T08:39:46.932Z" },
    { url = "https://files.pythonhosted.org/packages/56/d5/68eb9f3d19ce65df01b6c7b7a577ad3bbc9ab3a5dd3491a4756e71838ec9/PyQt5-5.15.11-cp38-abi3-win_amd64.whl", hash = "sha256:bdde598a3bb95022131a5c9ea62e0a96bd6fb28932cc1619fd7ba211531b7517", size = 6865864, upload-time = "2024-07-19T08:39:53.572Z" },
]

[[package]]
name = "pyqt5-qt5"
version = "5.15.2"
source = { registry = "https://pypi.org/simple" }
resolution-markers = [
    "python_full_version >= '3.10' and sys_platform == 'win32'",
    "python_full_version == '3.9.*' and sys_platform == 'win32'",
    "python_full_version < '3.9' and sys_platform == 'win32'",
]
wheels = [
    { url = "https://files.pythonhosted.org/packages/1c/7e/ce7c66a541a105fa98b41d6405fe84940564695e29fc7dccf6d9e8c5f898/PyQt5_Qt5-5.15.2-py3-none-win32.whl", hash = "sha256:9cc7a768b1921f4b982ebc00a318ccb38578e44e45316c7a4a850e953e1dd327", size = 43447358, upload-time = "2021-03-10T14:01:17.827Z" },
    { url = "https://files.pythonhosted.org/packages/37/97/5d3b222b924fa2ed4c2488925155cd0b03fd5d09ee1cfcf7c553c11c9f66/PyQt5_Qt5-5.15.2-py3-none-win_amd64.whl", hash = "sha256:750b78e4dba6bdf1607febedc08738e318ea09e9b10aea9ff0d73073f11f6962", size = 50075158, upload-time = "2021-03-10T14:05:20.868Z" },
]

[[package]]
name = "pyqt5-qt5"
version = "5.15.18"
source = { registry = "https://pypi.org/simple" }
resolution-markers = [
    "python_full_version >= '3.10' and sys_platform != 'win32'",
    "python_full_version == '3.9.*' and sys_platform != 'win32'",
    "python_full_version < '3.9' and sys_platform != 'win32'",
]
wheels = [
    { url = "https://files.pythonhosted.org/packages/46/90/bf01ac2132400997a3474051dd680a583381ebf98b2f5d64d4e54138dc42/pyqt5_qt5-5.15.18-py3-none-macosx_10_13_x86_64.whl", hash = "sha256:8bb997eb903afa9da3221a0c9e6eaa00413bbeb4394d5706118ad05375684767", size = 39715743, upload-time = "2025-11-09T12:56:42.936Z" },
    { url = "https://files.pythonhosted.org/packages/24/8e/76366484d9f9dbe28e3bdfc688183433a7b82e314216e9b14c89e5fab690/pyqt5_qt5-5.15.18-py3-none-macosx_11_0_arm64.whl", hash = "sha256:c656af9c1e6aaa7f59bf3d8995f2fa09adbf6762b470ed284c31dca80d686a26", size = 36798484, upload-time = "2025-11-09T12:56:59.998Z" },
    { url = "https://files.pythonhosted.org/packages/9a/46/ffe177f99f897a59dc237a20059020427bd2d3853d713992b8081933ddfe/pyqt5_qt5-5.15.18-py3-none-manylinux2014_x86_64.whl", hash = "sha256:bf2457e6371969736b4f660a0c153258fa03dbc6a181348218e6f05421682af7", size = 60864590, upload-time = "2025-11-09T12:57:26.724Z" },
]

[[package]]
name = "pyqt5-sip"
version = "12.15.0"
source = { registry = "https://pypi.org/simple" }
resolution-markers = [
    "python_full_version < '3.9' and sys_platform != 'win32'",
    "python_full_version < '3.9' and sys_platform == 'win32'",
]
sdist = { url = "https://files.pythonhosted.org/packages/1b/15/78318d50f10062c428e97e7ce387e772616a4673c356018b905f247a6a85/PyQt5_sip-12.15.0.tar.gz", hash = "sha256:d23fdfcf363b5cedd9d39f8a9c5710e7d52804f5b08a58e91c638b36eafcb702", size = 104024, upload-time = "2024-07-12T15:38:08.283Z" }
wheels = [
    { url = "https://files.pythonhosted.org/packages/f9/cb/5989258c3d70c78eabaebe3ac900c56c863caf6de7961e4b7b556a8c9e7a/PyQt5_sip-12.15.0-cp310-cp310-macosx_10_9_universal2.whl", hash = "sha256:749f7a3ffd6e3d2d5db65ed92c95cbd14490631595c61f0c0672c9238bfb17de", size = 122371, upload-time = "2024-07-12T15:37:07.208Z" },
    { url = "https://files.pythonhosted.org/packages/c1/06/3fffcc82005d83ce5f923c52a13fc40661c081c0aa7a2588af09351d9075/PyQt5_sip-12.15.0-cp310-cp310-manylinux_2_5_x86_64.manylinux1_x86_64.whl", hash = "sha256:b4adc529fa4ec05728e14ea55194d907cc51f18d6f2ac5cc9f6eb52ac038aa0f", size = 270522, upload-time = "2024-07-12T15:37:09.41Z" },
    { url = "https://files.pythonhosted.org/packages/64/29/9508798f4009a7ffcfb92818fbe6dbfdc63fbc300b32c6c193f5c0879c16/PyQt5_sip-12.15.0-cp310-cp310-win32.whl", hash = "sha256:83d247cdc43ef224410b14c97413067ea26356dfa39e9ed0fe702a31e25710b0", size = 49059, upload-time = "2024-07-12T15:37:10.703Z" },
    { url = "https://files.pythonhosted.org/packages/18/c2/a53caa812b3886550eb82ba7af63a8293a6ffbceaef1f6f192fe34fdd580/PyQt5_sip-12.15.0-cp310-cp310-win_amd64.whl", hash = "sha256:13f0c6a78e781255863e3e160304648efaf62276b7102741af637b63a6e96930", size = 59015, upload-time = "2024-07-12T15:37:12.4Z" },
    { url = "https://files.pythonhosted.org/packages/e9/7e/4b87c65adf9cb74895acc129043d04bb300436cab1e39469f4a9fc40b602/PyQt5_sip-12.15.0-cp311-cp311-macosx_10_9_universal2.whl", hash = "sha256:855563d4d3b59ce7438bbf2dd32fed2707787defa40f3efe94f204a19ef92b25", size = 122436, upload-time = "2024-07-12T15:37:13.921Z" },
    { url = "https://files.pythonhosted.org/packages/ec/90/8bf505a096553a253e1a65078ca1aeb6de8a83f27afa3a43bb89ae29da31/PyQt5_sip-12.15.0-cp311-cp311-manylinux_2_5_x86_64.manylinux1_x86_64.whl", hash = "sha256:0b718a362f4392430903bbb2a4b9bbff9841a16a52f0cfdd5b5bbd9d11457980", size = 276022, upload-time = "2024-07-12T15:37:32.356Z" },
    { url = "https://files.pythonhosted.org/packages/6b/80/ed1a360df9128e0e26e28c6341174a7e02efc57816799af5e3a3cb865fc8/PyQt5_sip-12.15.0-cp311-cp311-win32.whl", hash = "sha256:2575f428de584a12009fd29d00c89df16ed101a3b38beba818dfdcbc4a10709c", size = 49065, upload-time = "2024-07-12T15:37:34.417Z" },
    { url = "https://files.pythonhosted.org/packages/4e/d6/ea034ad64290c541042dc4c349d5aa854c8a0b54802a0759ec37671f0939/PyQt5_sip-12.15.0-cp311-cp311-win_amd64.whl", hash = "sha256:c85be433fbafcb3d417581c0e1b67c8198d23858166e4f938e971c2262c13cdb", size = 59009, upload-time = "2024-07-12T15:37:45.34Z" },
    { url = "https://files.pythonhosted.org/packages/90/47/de48934a0d692c65b0833924a618786146c0869910c707a5e508351d5b91/PyQt5_sip-12.15.0-cp312-cp312-macosx_10_9_universal2.whl", hash = "sha256:852b75cf208825602480e95ab63314108f872d0da251e9ad3deaaff5a183a6f5", size = 124312, upload-time = "2024-07-12T15:37:46.705Z" },
    { url = "https://files.pythonhosted.org/packages/d1/6c/9a2fe24f8970e092613f709283a2101403490a209a30de3de89a413d9915/PyQt5_sip-12.15.0-cp312-cp312-manylinux_2_5_x86_64.manylinux1_x86_64.whl", hash = "sha256:0cd21c3215e3c47fdd5fa7a2dc3dd1e07a7230b0626e905a7217925068c788b9", size = 281431, upload-time = "2024-07-12T15:37:48.523Z" },
    { url = "https://files.pythonhosted.org/packages/90/53/0a4dc2d448619f2a51849e124d375ec7a8e95c938eccfaf8711bb77a62b6/PyQt5_sip-12.15.0-cp312-cp312-win32.whl", hash = "sha256:b58eeedc9b2a3037b136bf96915196c391a33be470ed1c0723d7163ef0b727a2", size = 49408, upload-time = "2024-07-12T15:37:49.854Z" },
    { url = "https://files.pythonhosted.org/packages/aa/c2/c07c531fe5a6124d91942c48a85ff4e14918766cd37819f7841cf2debabb/PyQt5_sip-12.15.0-cp312-cp312-win_amd64.whl", hash = "sha256:24a1d4937332bf0a38dd95bb2ce4d89723df449f6e912b52ef0e107e11fefac1", size = 57922, upload-time = "2024-07-12T15:37:53.71Z" },
    { url = "https://files.pythonhosted.org/packages/fe/c5/448f5757bfe8215ee570f490f4f600d4f92fdaf06690117eae369a5b3da0/PyQt5_sip-12.15.0-cp38-cp38-macosx_11_0_universal2.whl", hash = "sha256:91b9538458a3a23e033c213bc879ce64f3d0a33d5a49cbd03e1e584efe307a35", size = 122522, upload-time = "2024-07-12T15:37:55.02Z" },
    { url = "https://files.pythonhosted.org/packages/13/ae/e48632f12f0186f9719b001e9fe0495233d8dfa807ecc9f4b54462cd76f5/PyQt5_sip-12.15.0-cp38-cp38-manylinux_2_5_x86_64.manylinux1_x86_64.whl", hash = "sha256:0c1c727ede7fdc464a1fe2e46109ba836509b2d7187a46fdeae443148ce51d1c", size = 274510, upload-time = "2024-07-12T15:37:56.557Z" },
    { url = "https://files.pythonhosted.org/packages/64/34/507fd1aedb0919137d9a3fd806462543a7697e877999efbbdcb890f41379/PyQt5_sip-12.15.0-cp38-cp38-win32.whl", hash = "sha256:dd241de9c569c07bbba62bff1049996e5b52478164f61f430073a87bf6d26d33", size = 48884, upload-time = "2024-07-12T15:37:59.525Z" },
    { url = "https://files.pythonhosted.org/packages/4f/fc/7d44e8f83eded93fa1517d8354529b7a21cae5d93c26e1681fd7e4bcbb2b/PyQt5_sip-12.15.0-cp38-cp38-win_amd64.whl", hash = "sha256:f600ae6f03e4bff91153c0dc7ebe52f90bd2b6afda58fd580e6990b3b951adc0", size = 59038, upload-time = "2024-07-12T15:38:01.004Z" },
    { url = "https://files.pythonhosted.org/packages/bc/76/302ace0f93ff919be5fcbc763372c3b07fdb06005becd2e53b3d425204e4/PyQt5_sip-12.15.0-cp39-cp39-macosx_10_9_universal2.whl", hash = "sha256:c0c543d604116af26694a8a5ba90f510551ff9124d503ae5ee14bb73a61363a3", size = 122370, upload-time = "2024-07-12T15:38:02.247Z" },
    { url = "https://files.pythonhosted.org/packages/1a/b6/85f21bc6d0edde6a64e29fd5e6493ab184cc8bad502b3394416db6fbd7ea/PyQt5_sip-12.15.0-cp39-cp39-manylinux_2_5_x86_64.manylinux1_x86_64.whl", hash = "sha256:97f2d6e8d9b7b3d3e795d576d7f56e6257f524221f6383b33ded7287763e9f06", size = 268190, upload-time = "2024-07-12T15:38:04.853Z" },
    { url = "https://files.pythonhosted.org/packages/d8/9f/c4bfa0dce78b15352bc750c3faef8bd884aadf66603eacaabfa7ef99d5b7/PyQt5_sip-12.15.0-cp39-cp39-win32.whl", hash = "sha256:ed5221c6241981bd98d39504823efb9cbe36841bf8917288f8fe8fc1d5569a41", size = 48946, upload-time = "2024-07-12T15:38:06.121Z" },
    { url = "https://files.pythonhosted.org/packages/bc/ff/239f3304db74fac086e9c1152256374a98ddab980e60e54b6f0df0ce79f4/PyQt5_sip-12.15.0-cp39-cp39-win_amd64.whl", hash = "sha256:7f88c85702dce80ac2e1a162054f688ed394811d6dd03a5574b3fa8111b0a6db", size = 59003, upload-time = "2024-07-12T15:38:07.199Z" },
]

[[package]]
name = "pyqt5-sip"
version = "12.17.1"
source = { registry = "https://pypi.org/simple" }
resolution-markers = [
    "python_full_version == '3.9.*' and sys_platform != 'win32'",
    "python_full_version == '3.9.*' and sys_platform == 'win32'",
]
sdist = { url = "https://files.pythonhosted.org/packages/ea/08/88a20c862f40b5c178c517cdc7e93767967dec5ac1b994e226d517991c9b/pyqt5_sip-12.17.1.tar.gz", hash = "sha256:0eab72bcb628f1926bf5b9ac51259d4fa18e8b2a81d199071135458f7d087ea8", size = 104136, upload-time = "2025-10-08T09:04:19.893Z" }
wheels = [
    { url = "https://files.pythonhosted.org/packages/8f/38/d03cef62cc03348249ce279c7e42159d1c902b1d550924403b1986a2b0f4/pyqt5_sip-12.17.1-cp310-cp310-macosx_10_9_universal2.whl", hash = "sha256:bd4f73b1ebd5e0bd8d4539a8e55132318efc70a92f648ef0f9d93329ad50adeb", size = 122532, upload-time = "2025-10-08T09:04:12.141Z" },
    { url = "https://files.pythonhosted.org/packages/08/92/5aa38d8c17ee857fc3f7866dc84d4f4e7ab2180b5026e4f6ffd594ed2432/pyqt5_sip-12.17.1-cp310-cp310-manylinux_2_5_x86_64.manylinux1_x86_64.whl", hash = "sha256:b52e85520dbfe5c3d0c0c47aa2c10fc1853d892ae60ebebfe8154b052394da50", size = 271388, upload-time = "2025-10-08T09:15:32.369Z" },
    { url = "https://files.pythonhosted.org/packages/58/5c/0990f3a9a07346417a6728102cbe3d97b13786bce974b24a8d649a49db59/pyqt5_sip-12.17.1-cp310-cp310-win32.whl", hash = "sha256:71a67e2c9b77a74e943e220db0a341c702fd9bcf83c4a2e07342dfce691742ae", size = 49092, upload-time = "2025-10-08T09:11:22.875Z" },
    { url = "https://files.pythonhosted.org/packages/07/ad/f101338acf81cbd562362741aee9d0ee3c9242a6127c12ca698a15c851c6/pyqt5_sip-12.17.1-cp310-cp310-win_amd64.whl", hash = "sha256:2710effb921bf6955b902779c763d890bb593da6325f0e128a0e3991cc855e9f", size = 58989, upload-time = "2025-10-08T09:08:33.535Z" },
    { url = "https://files.pythonhosted.org/packages/15/e4/451e465c75584a7cbd10e10404317b7443af83f56a64e02080b1f3cda5b5/pyqt5_sip-12.17.1-cp311-cp311-macosx_10_9_universal2.whl", hash = "sha256:5134d637efadd108a70306bab55b3d7feaa951bf6b8162161a67ae847bea9130", size = 122581, upload-time = "2025-10-08T09:04:13.607Z" },
    { url = "https://files.pythonhosted.org/packages/dc/b2/330f97434b21fbc99ab16f6ce71358ff5ea1bf1f09ed14dfe6b28b5ed8f5/pyqt5_sip-12.17.1-cp311-cp311-manylinux_2_5_x86_64.manylinux1_x86_64.whl", hash = "sha256:155cf755266c8bf64428916e2ff720d5efa1aec003d4ccc40c003b147dbdac03", size = 276844, upload-time = "2025-10-08T09:15:33.713Z" },
    { url = "https://files.pythonhosted.org/packages/3b/fd/53925099d0fc8aaf7adee613b6cebfb3fdfcd1238add64ff9edf6711e5f8/pyqt5_sip-12.17.1-cp311-cp311-win32.whl", hash = "sha256:9dfa7fe4ac93b60004430699c4bf56fef842a356d64dfea7cbc6d580d0427d6d", size = 49099, upload-time = "2025-10-08T09:11:23.928Z" },
    { url = "https://files.pythonhosted.org/packages/33/f8/f47a849c17676557c4220fbce9fcc24e15736af247c4dddcaf9ff0124b57/pyqt5_sip-12.17.1-cp311-cp311-win_amd64.whl", hash = "sha256:2ddd214cf40119b86942a5da2da5a7345334955ab00026d8dcc56326b30e6d3c", size = 58988, upload-time = "2025-10-08T09:08:34.903Z" },
    { url = "https://files.pythonhosted.org/packages/a5/15/291f83f336558300626bebb0c403084ec171bbc8a70683e3376234422eb6/pyqt5_sip-12.17.1-cp312-cp312-macosx_10_9_universal2.whl", hash = "sha256:c362606de782d2d46374a38523632786f145c517ee62de246a6069e5f2c5f336", size = 124521, upload-time = "2025-10-08T09:04:15.825Z" },
    { url = "https://files.pythonhosted.org/packages/45/85/ea1ae099260fd1859d71b31f51760b4226abfa778d5796b76d92c8fe6dcd/pyqt5_sip-12.17.1-cp312-cp312-manylinux_2_5_x86_64.manylinux1_x86_64.whl", hash = "sha256:140cc582151456103ebb149fefc678f3cae803e7720733db51212af5219cd45c", size = 282182, upload-time = "2025-10-08T09:15:35.752Z" },
    { url = "https://files.pythonhosted.org/packages/b4/b3/d5b50c721651a0f2ccbef6f8db3dabf3db296b9ec239ba007f5615f57dd7/pyqt5_sip-12.17.1-cp312-cp312-win32.whl", hash = "sha256:9dc1f1525d4d42c080f6cfdfc70d78239f8f67b0a48ea0745497251d8d848b1d", size = 49447, upload-time = "2025-10-08T09:11:24.843Z" },
    { url = "https://files.pythonhosted.org/packages/14/b6/474d8b17763683ab45fb364f3a44f25fdc25d97b47b29ad8819b95a15ac8/pyqt5_sip-12.17.1-cp312-cp312-win_amd64.whl", hash = "sha256:d5e2e9e175559017cd161d661e0ee0b551684f824bb90800c5a8c8a3bea9355e", size = 57946, upload-time = "2025-10-08T09:08:35.775Z" },
    { url = "https://files.pythonhosted.org/packages/1d/58/9ecb688050e79ffe7bbd9fc917aa13f63856a5081ac46bbce87bb11ab971/pyqt5_sip-12.17.1-cp313-cp313-macosx_10_13_universal2.whl", hash = "sha256:9ebbd7769ccdaaa6295e9c872553b6cde17f38e171056f17300d8af9a14d1fc8", size = 124485, upload-time = "2025-10-08T09:04:17.473Z" },
    { url = "https://files.pythonhosted.org/packages/b1/9f/ae691360a9f18e3e06fd297e854d7ad175367e35ea184fd2fcf6c79b8c25/pyqt5_sip-12.17.1-cp313-cp313-manylinux_2_5_x86_64.manylinux1_x86_64.whl", hash = "sha256:b023da906a70af2cf5e6fc1932f441ede07530f3e164dd52c6c2bb5ab7c6f424", size = 281923, upload-time = "2025-10-08T09:15:37.004Z" },
    { url = "https://files.pythonhosted.org/packages/d7/31/491c45423174a359a4b8a8d84a7b541c453f48497ae928cbe4006bcd3e01/pyqt5_sip-12.17.1-cp313-cp313-win32.whl", hash = "sha256:36dbef482bd638786b909f3bda65b7b3d5cbd6cbf16797496de38bae542da307", size = 49400, upload-time = "2025-10-08T09:11:25.769Z" },
    { url = "https://files.pythonhosted.org/packages/64/61/e28681dd5200094f7b2e6671e85c02a4d6693da36d23ad7d39ffbc70b15c/pyqt5_sip-12.17.1-cp313-cp313-win_amd64.whl", hash = "sha256:d04e5551bbc3bcec98acc63b3b0618ddcbf31ff107349225b516fe7e7c0a7c8b", size = 57979, upload-time = "2025-10-08T09:08:37.036Z" },
    { url = "https://files.pythonhosted.org/packages/71/f9/06c09dc94474ffe3f518f80e47fc69d34abf8e4a971ae7e7c667d6ff30a7/pyqt5_sip-12.17.1-cp314-cp314-macosx_10_15_universal2.whl", hash = "sha256:c49918287e1ad77956d1589f1d3d432a0be7630c646ea02cf652413a48e14458", size = 124400, upload-time = "2025-10-08T08:38:23.927Z" },
    { url = "https://files.pythonhosted.org/packages/40/ae/be6e338ea427deac5cd81a93f51ae3fb6505d99d6d5e5d5341bcc099327e/pyqt5_sip-12.17.1-cp314-cp314-manylinux_2_5_x86_64.manylinux1_x86_64.whl", hash = "sha256:944a4bf1e1ee18ad03a54964c1c6433fb6de582313a1f0b17673e7203e22fc83", size = 282291, upload-time = "2025-10-08T08:38:25.735Z" },
    { url = "https://files.pythonhosted.org/packages/fc/a3/8b758518bd0dd5d1581f7a6d522c9b4d9b58d05087b1d0b4dfaad5376434/pyqt5_sip-12.17.1-cp314-cp314-win32.whl", hash = "sha256:99a2935fd662a67748625b1e6ffa0a2d1f2da068b9df6db04fa59a4a5d4ee613", size = 50578, upload-time = "2025-10-08T08:38:28.72Z" },
    { url = "https://files.pythonhosted.org/packages/40/8c/e96f9877548810b1e537f46fc21ba74552dd4e8c498658114a8353bdf659/pyqt5_sip-12.17.1-cp314-cp314-win_amd64.whl", hash = "sha256:aaa33232cc80793d14fdb3b149b27eec0855612ed66aad480add5ac49b9cee63", size = 59763, upload-time = "2025-10-08T08:38:27.443Z" },
    { url = "https://files.pythonhosted.org/packages/1d/fd/097af91c0446c4877b2614f3e7e40729c7d0a276c401cef3ff95850cd236/pyqt5_sip-12.17.1-cp39-cp39-macosx_10_9_universal2.whl", hash = "sha256:6fdc457bd528e5909a5893db0a7dee0066d5f22e08234c9152db0ae6df9a367f", size = 122513, upload-time = "2025-10-08T09:04:18.867Z" },
    { url = "https://files.pythonhosted.org/packages/2c/cf/58143e15d0bfa1d1450071ad9a2d71adca82ebefbd7729d0c543463d4d31/pyqt5_sip-12.17.1-cp39-cp39-manylinux_2_5_x86_64.manylinux1_x86_64.whl", hash = "sha256:06ea59741c1bffb198d99b00d26594791f45fb11b10f774c8105aea5962e3835", size = 268959, upload-time = "2025-10-08T09:15:38.323Z" },
    { url = "https://files.pythonhosted.org/packages/e6/9b/8e8f1af1b500f0d4fcd48c9f7ee474731db8b046d3629151e382634eaf59/pyqt5_sip-12.17.1-cp39-cp39-win32.whl", hash = "sha256:b9ef23869d35c6740a95fcb1f387f4aea8d8fac80e19096fbaf1a64e18409c4b", size = 49030, upload-time = "2025-10-08T09:11:26.984Z" },
    { url = "https://files.pythonhosted.org/packages/64/1e/08bd86000c8294772c6c4aaaf53babd69b9b37e80d1c87583c1fe8eeab5b/pyqt5_sip-12.17.1-cp39-cp39-win_amd64.whl", hash = "sha256:90eed15f19557dfab22e68c7763e3690053cc8dd30d93ade2523d1b5a04a87be", size = 59011, upload-time = "2025-10-08T09:08:37.924Z" },
]

[[package]]
name = "pyqt5-sip"
version = "12.18.0"
source = { registry = "https://pypi.org/simple" }
resolution-markers = [
    "python_full_version >= '3.10' and sys_platform != 'win32'",
    "python_full_version >= '3.10' and sys_platform == 'win32'",
]
sdist = { url = "https://files.pythonhosted.org/packages/f3/31/5ef342de9faee0f3801088946ae103db9b9eaeba3d6a64fefd5ce74df244/pyqt5_sip-12.18.0.tar.gz", hash = "sha256:71c37db75a0664325de149f43e2a712ec5fa1f90429a21dafbca005cb6767f94", size = 104143, upload-time = "2026-01-13T15:53:19.576Z" }
wheels = [
    { url = "https://files.pythonhosted.org/packages/2c/8e/9db5c0756134a6501ecf7d472a92f64d2d0b8033b4597e73f138a4cfb605/pyqt5_sip-12.18.0-cp310-cp310-macosx_10_9_universal2.whl", hash = "sha256:dc5c30bb9bd8cca6e13d2fedac6e2a75fe2168d798d66f76e74835546b025027", size = 122663, upload-time = "2026-01-13T15:52:40.965Z" },
    { url = "https://files.pythonhosted.org/packages/6c/4a/c66dfd090d93ef6f3e30093b55bf786c24608258d157cb1951e28c5a2725/pyqt5_sip-12.18.0-cp310-cp310-manylinux1_x86_64.manylinux_2_5_x86_64.whl", hash = "sha256:b4b743566f67cabfa7b0ba2da30b46d9d635d16cd5bc8cdcec83f620ed14dd93", size = 319778, upload-time = "2026-01-13T15:52:45.339Z" },
    { url = "https://files.pythonhosted.org/packages/1e/38/608e93888ce5e63978f1668c68e99bfd9e98ef59a7e619a82b14012c8ce5/pyqt5_sip-12.18.0-cp310-cp310-manylinux_2_5_x86_64.manylinux1_x86_64.whl", hash = "sha256:bbec4c14903bcd585b4e1ee50edccfe224c8c0ee8004a072143993b4eb954442", size = 271455, upload-time = "2026-01-13T15:52:43.453Z" },
    { url = "https://files.pythonhosted.org/packages/c4/20/d69a96d3134bca5e6623835f39954eb0f8a8e63813022f30d7150565b63e/pyqt5_sip-12.18.0-cp310-cp310-win32.whl", hash = "sha256:a2a0278091d067b17855047ed8bd557e5ca62308a7d9fb5200451d0bd9090afc", size = 49315, upload-time = "2026-01-13T15:52:47.915Z" },
    { url = "https://files.pythonhosted.org/packages/83/e8/59dc463ff816e2a9001ba873521f8cc40c25bbae31711e42f65a23c36bf4/pyqt5_sip-12.18.0-cp310-cp310-win_amd64.whl", hash = "sha256:65f257e28d06a01c2a9a7c0b2faf2af1dbf25a1420a5a9d905a54aaddce74d79", size = 58802, upload-time = "2026-01-13T15:52:46.695Z" },
    { url = "https://files.pythonhosted.org/packages/9a/59/3dd29bcfde479ac241f618235bf7d76e65e47afdcd91743554d490ae0d19/pyqt5_sip-12.18.0-cp311-cp311-macosx_10_9_universal2.whl", hash = "sha256:13c32e9025d0ab5fe960ef64dcb4c6f7ec26156ddce2cf2f195600aa26e8f9fe", size = 122724, upload-time = "2026-01-13T15:52:49.875Z" },
    { url = "https://files.pythonhosted.org/packages/87/c4/ac4deee3249d3ceb703103acbbf76d89f3782fa7ad2ca5a15fcb5bcf5c73/pyqt5_sip-12.18.0-cp311-cp311-manylinux1_x86_64.manylinux_2_5_x86_64.whl", hash = "sha256:dd855149c724634eb1f92d10e04e1be0751068a8521d5f9f06e5c2dbe32fd89f", size = 327560, upload-time = "2026-01-13T15:52:53.584Z" },
    { url = "https://files.pythonhosted.org/packages/79/53/64373ba9311288b0ea6b5ab375d9c9743a41ac93df7137655498c95a08e5/pyqt5_sip-12.18.0-cp311-cp311-manylinux_2_5_x86_64.manylinux1_x86_64.whl", hash = "sha256:521729e4ce44db555005f4e6987c4a5164d45ea03f5a7d08519813d4776acd15", size = 277067, upload-time = "2026-01-13T15:52:51.22Z" },
    { url = "https://files.pythonhosted.org/packages/ce/dd/4026bba8355ceaba222db0369fe4a480d55aa61d3f14dbe1458886ccc032/pyqt5_sip-12.18.0-cp311-cp311-win32.whl", hash = "sha256:c738949863d88b78f86f28e13151989ca3b1a302934811af41856dc8a27838bd", size = 49323, upload-time = "2026-01-13T15:52:55.859Z" },
    { url = "https://files.pythonhosted.org/packages/41/35/39e549ca7f7c9fbb025912a5db7f55f3b9c22d7f9718f41c2e7a17c806e9/pyqt5_sip-12.18.0-cp311-cp311-win_amd64.whl", hash = "sha256:ac0be1a8ce145ed78c7e8d45243749405bee7e3a87e9810b0542bca010c50bd7", size = 58795, upload-time = "2026-01-13T15:52:54.995Z" },
    { url = "https://files.pythonhosted.org/packages/2a/61/6d78d702016ac23d2b97634a3b6a831c3f7735f0552a1c8b058db96005d1/pyqt5_sip-12.18.0-cp312-cp312-macosx_10_9_universal2.whl", hash = "sha256:b29e4cda24748e59e5bd1bdad4812091a86b4b5b08c38b7f781eb55a5166f2b7", size = 124614, upload-time = "2026-01-13T15:52:57.59Z" },
    { url = "https://files.pythonhosted.org/packages/19/bf/8f3efa10ddd3e76c1253865340ab7c2960ef96681d732b1f666c77430612/pyqt5_sip-12.18.0-cp312-cp312-manylinux1_x86_64.manylinux_2_5_x86_64.whl", hash = "sha256:163c2bba5e637c2222ec17d82a2c5aa158184a191923eb7d137cf4cfa0399529", size = 339412, upload-time = "2026-01-13T15:53:00.563Z" },
    { url = "https://files.pythonhosted.org/packages/72/48/f1bcf6729d01bae6729cd790b22fd579dbe34014e8be031e6f10c5b9b2aa/pyqt5_sip-12.18.0-cp312-cp312-manylinux_2_5_x86_64.manylinux1_x86_64.whl", hash = "sha256:ead5e0a64ad852ac60797989d8444a6a5bd834768536b04a07b40b2937d922f6", size = 282376, upload-time = "2026-01-13T15:52:59.172Z" },
    { url = "https://files.pythonhosted.org/packages/dd/b7/d84c764ac9f1366be561255ec9bd88ee224fefdbdb349aee250f3003f0ca/pyqt5_sip-12.18.0-cp312-cp312-win32.whl", hash = "sha256:993fe3ed9a62a92e770f32d5344e3df56c2cacf1471f01b7feaf04818a2df1c4", size = 49523, upload-time = "2026-01-13T15:53:03.068Z" },
    { url = "https://files.pythonhosted.org/packages/ab/e7/ef87178d5afa5f63be38556dc0df8af89f9bf74f2555f4dab6824c0fd150/pyqt5_sip-12.18.0-cp312-cp312-win_amd64.whl", hash = "sha256:9b689e02e400abd1ce0a30cd6eae8eceabcf1bbba0395cb5c86e64ba74351d68", size = 58001, upload-time = "2026-01-13T15:53:02.15Z" },
    { url = "https://files.pythonhosted.org/packages/79/67/8d43d0fea10ff48ddecc8534aead8b855dc80df80653b8b1bf9e1f993063/pyqt5_sip-12.18.0-cp313-cp313-macosx_10_13_universal2.whl", hash = "sha256:9254e5dd7676b76503ba20edcc919e7ac4a97b6c70a6fb2f9dba9e13b4c60509", size = 124605, upload-time = "2026-01-13T15:53:04.991Z" },
    { url = "https://files.pythonhosted.org/packages/48/2a/b08bc8efeb49c50c6cdac11417dc2c8eaefcac2f0a6382eae7b26dc0f232/pyqt5_sip-12.18.0-cp313-cp313-manylinux1_x86_64.manylinux_2_5_x86_64.whl", hash = "sha256:c969631ada7293a81e1012b2264a62d69a91995b517586489dfe24421b87b9af", size = 339918, upload-time = "2026-01-13T15:53:08.502Z" },
    { url = "https://files.pythonhosted.org/packages/b6/99/24f82437b2f073cf39296b7c731b6a8bc0f5207911fdd93841a0ea9abe42/pyqt5_sip-12.18.0-cp313-cp313-manylinux_2_5_x86_64.manylinux1_x86_64.whl", hash = "sha256:d84ac384a63285132e67762c87681191c25e28a1df7560287ec3889d9eb223b5", size = 282088, upload-time = "2026-01-13T15:53:06.632Z" },
    { url = "https://files.pythonhosted.org/packages/3e/27/20d3924943df34361fae9c6a0489ae89d0b07571693245c61678d185e4a4/pyqt5_sip-12.18.0-cp313-cp313-win32.whl", hash = "sha256:95bba4670ecf5cba73958b85aa2087c17838a402ed251c38e68060c7665c998b", size = 49501, upload-time = "2026-01-13T15:53:11.159Z" },
    { url = "https://files.pythonhosted.org/packages/3f/36/e251623c12968730730512a9e5150430e36246afbe64894610190b896f61/pyqt5_sip-12.18.0-cp313-cp313-win_amd64.whl", hash = "sha256:aac4adc37df2f2ac1dc259409be1900f07332d140a12c9db7c84112cef64ff59", size = 58076, upload-time = "2026-01-13T15:53:09.928Z" },
    { url = "https://files.pythonhosted.org/packages/37/3a/b46a0116b1aacbb6156b2957eb5cb928c94b49f4626eb2540ca8d16ee757/pyqt5_sip-12.18.0-cp314-cp314-macosx_10_15_universal2.whl", hash = "sha256:8372ec8704bfd5e09942d0d055a1657eb4f702f4b30847a5e59df0496f99d67f", size = 124594, upload-time = "2026-01-13T15:53:13.159Z" },
    { url = "https://files.pythonhosted.org/packages/58/63/df3037f11391c25c5b0ab233d22e58b8f056cb1ce16d7ecadb844421ce75/pyqt5_sip-12.18.0-cp314-cp314-manylinux1_x86_64.manylinux_2_5_x86_64.whl", hash = "sha256:fdb45c7cd2af7eccd7370b994d432bfc7965079f845392760724f26771bb59dc", size = 339056, upload-time = "2026-01-13T15:53:16.558Z" },
    { url = "https://files.pythonhosted.org/packages/f5/e7/4f96b84520b8f8b7502682fd43f68f63ca6572b5858f56e5f61c76a54fe2/pyqt5_sip-12.18.0-cp314-cp314-manylinux_2_5_x86_64.manylinux1_x86_64.whl", hash = "sha256:92abe984becbde768954d6d0951f56d80a9868d2fd9e738e61fc944f0ff83dd6", size = 282439, upload-time = "2026-01-13T15:53:14.856Z" },
    { url = "https://files.pythonhosted.org/packages/79/8e/ccdf20d373ceba83e1d1b7f818505c375208ffde4a96376dc7dbe592406c/pyqt5_sip-12.18.0-cp314-cp314-win32.whl", hash = "sha256:bd9e3c6f81346f1b08d6db02305cdee20c009b43aa083d44ee2de47a7da0e123", size = 50713, upload-time = "2026-01-13T15:53:18.634Z" },
    { url = "https://files.pythonhosted.org/packages/7f/21/8486ed45977be615ec5371b24b47298b1cb0e1a455b419eddd0215078dba/pyqt5_sip-12.18.0-cp314-cp314-win_amd64.whl", hash = "sha256:6d948f1be619c645cd3bda54952bfdc1aef7c79242dccea6a6858748e61114b9", size = 59622, upload-time = "2026-01-13T15:53:17.714Z" },
]
