version = 1
revision = 3
requires-python = ">=3.13"
resolution-markers = [
    "sys_platform != 'win32'",
    "sys_platform == 'win32'",
]
required-markers = [
    "sys_platform == 'win32'",
    "sys_platform == 'linux'",
    "sys_platform == 'darwin'",
]

[[package]]
name = "astviewer"
version = "1.1.3.dev0"
source = { editable = "." }
dependencies = [
    { name = "pyqt5" },
]

[package.metadata]
requires-dist = [{ name = "pyqt5", specifier = ">=5.15.11" }]

[[package]]
name = "pyqt5"
version = "5.15.11"
source = { registry = "https://pypi.org/simple" }
dependencies = [
    { name = "pyqt5-qt5", version = "5.15.2", source = { registry = "https://pypi.org/simple" }, marker = "sys_platform == 'win32'" },
    { name = "pyqt5-qt5", version = "5.15.18", source = { registry = "https://pypi.org/simple" }, marker = "sys_platform != 'win32'" },
    { name = "pyqt5-sip" },
]
sdist = { url = "https://files.pythonhosted.org/packages/0e/07/c9ed0bd428df6f87183fca565a79fee19fa7c88c7f00a7f011ab4379e77a/PyQt5-5.15.11.tar.gz", hash = "sha256:fda45743ebb4a27b4b1a51c6d8ef455c4c1b5d610c90d2934c7802b5c1557c52", size = 3216775, upload-time = "2024-07-19T08:39:57.756Z" }
wheels = [
    { url = "https://files.pythonhosted.org/packages/11/64/42ec1b0bd72d87f87bde6ceb6869f444d91a2d601f2e67cd05febc0346a1/PyQt5-5.15.11-cp38-abi3-macosx_11_0_arm64.whl", hash = "sha256:c8b03dd9380bb13c804f0bdb0f4956067f281785b5e12303d529f0462f9afdc2", size = 6579776, upload-time = "2024-07-19T08:39:19.775Z" },
    { url = "https://files.pythonhosted.org/packages/49/f5/3fb696f4683ea45d68b7e77302eff173493ac81e43d63adb60fa760b9f91/PyQt5-5.15.11-cp38-abi3-macosx_11_0_x86_64.whl", hash = "sha256:6cd75628f6e732b1ffcfe709ab833a0716c0445d7aec8046a48d5843352becb6", size = 7016415, upload-time = "2024-07-19T08:39:32.977Z" },
    { url = "https://files.pythonhosted.org/packages/b4/8c/4065950f9d013c4b2e588fe33cf04e564c2322842d84dbcbce5ba1dc28b0/PyQt5-5.15.11-cp38-abi3-manylinux_2_17_x86_64.whl", hash = "sha256:cd672a6738d1ae33ef7d9efa8e6cb0a1525ecf53ec86da80a9e1b6ec38c8d0f1", size = 8188103, upload-time = "2024-07-19T08:39:40.561Z" },
    { url = "https://files.pythonhosted.org/packages/f3/f0/ae5a5b4f9b826b29ea4be841b2f2d951bcf5ae1d802f3732b145b57c5355/PyQt5-5.15.11-cp38-abi3-win32.whl", hash = "sha256:76be0322ceda5deecd1708a8d628e698089a1cea80d1a49d242a6d579a40babd", size = 5433308, upload-time = "2024-07-19T08:39:46.932Z" },
    { url = "https://files.pythonhosted.org/packages/56/d5/68eb9f3d19ce65df01b6c7b7a577ad3bbc9ab3a5dd3491a4756e71838ec9/PyQt5-5.15.11-cp38-abi3-win_amd64.whl", hash = "sha256:bdde598a3bb95022131a5c9ea62e0a96bd6fb28932cc1619fd7ba211531b7517", size = 6865864, upload-time = "2024-07-19T08:39:53.572Z" },
]

[[package]]
name = "pyqt5-qt5"
version = "5.15.2"
source = { registry = "https://pypi.org/simple" }
resolution-markers = [
    "sys_platform == 'win32'",
]
wheels = [
    { url = "https://files.pythonhosted.org/packages/1c/7e/ce7c66a541a105fa98b41d6405fe84940564695e29fc7dccf6d9e8c5f898/PyQt5_Qt5-5.15.2-py3-none-win32.whl", hash = "sha256:9cc7a768b1921f4b982ebc00a318ccb38578e44e45316c7a4a850e953e1dd327", size = 43447358, upload-time = "2021-03-10T14:01:17.827Z" },
    { url = "https://files.pythonhosted.org/packages/37/97/5d3b222b924fa2ed4c2488925155cd0b03fd5d09ee1cfcf7c553c11c9f66/PyQt5_Qt5-5.15.2-py3-none-win_amd64.whl", hash = "sha256:750b78e4dba6bdf1607febedc08738e318ea09e9b10aea9ff0d73073f11f6962", size = 50075158, upload-time = "2021-03-10T14:05:20.868Z" },
]

[[package]]
name = "pyqt5-qt5"
version = "5.15.18"
source = { registry = "https://pypi.org/simple" }
resolution-markers = [
    "sys_platform != 'win32'",
]
wheels = [
    { url = "https://files.pythonhosted.org/packages/46/90/bf01ac2132400997a3474051dd680a583381ebf98b2f5d64d4e54138dc42/pyqt5_qt5-5.15.18-py3-none-macosx_10_13_x86_64.whl", hash = "sha256:8bb997eb903afa9da3221a0c9e6eaa00413bbeb4394d5706118ad05375684767", size = 39715743, upload-time = "2025-11-09T12:56:42.936Z" },
    { url = "https://files.pythonhosted.org/packages/24/8e/76366484d9f9dbe28e3bdfc688183433a7b82e314216e9b14c89e5fab690/pyqt5_qt5-5.15.18-py3-none-macosx_11_0_arm64.whl", hash = "sha256:c656af9c1e6aaa7f59bf3d8995f2fa09adbf6762b470ed284c31dca80d686a26", size = 36798484, upload-time = "2025-11-09T12:56:59.998Z" },
    { url = "https://files.pythonhosted.org/packages/9a/46/ffe177f99f897a59dc237a20059020427bd2d3853d713992b8081933ddfe/pyqt5_qt5-5.15.18-py3-none-manylinux2014_x86_64.whl", hash = "sha256:bf2457e6371969736b4f660a0c153258fa03dbc6a181348218e6f05421682af7", size = 60864590, upload-time = "2025-11-09T12:57:26.724Z" },
]

[[package]]
name = "pyqt5-sip"
version = "12.18.0"
source = { registry = "https://pypi.org/simple" }
sdist = { url = "https://files.pythonhosted.org/packages/f3/31/5ef342de9faee0f3801088946ae103db9b9eaeba3d6a64fefd5ce74df244/pyqt5_sip-12.18.0.tar.gz", hash = "sha256:71c37db75a0664325de149f43e2a712ec5fa1f90429a21dafbca005cb6767f94", size = 104143, upload-time = "2026-01-13T15:53:19.576Z" }
wheels = [
    { url = "https://files.pythonhosted.org/packages/79/67/8d43d0fea10ff48ddecc8534aead8b855dc80df80653b8b1bf9e1f993063/pyqt5_sip-12.18.0-cp313-cp313-macosx_10_13_universal2.whl", hash = "sha256:9254e5dd7676b76503ba20edcc919e7ac4a97b6c70a6fb2f9dba9e13b4c60509", size = 124605, upload-time = "2026-01-13T15:53:04.991Z" },
    { url = "https://files.pythonhosted.org/packages/48/2a/b08bc8efeb49c50c6cdac11417dc2c8eaefcac2f0a6382eae7b26dc0f232/pyqt5_sip-12.18.0-cp313-cp313-manylinux1_x86_64.manylinux_2_5_x86_64.whl", hash = "sha256:c969631ada7293a81e1012b2264a62d69a91995b517586489dfe24421b87b9af", size = 339918, upload-time = "2026-01-13T15:53:08.502Z" },
    { url = "https://files.pythonhosted.org/packages/b6/99/24f82437b2f073cf39296b7c731b6a8bc0f5207911fdd93841a0ea9abe42/pyqt5_sip-12.18.0-cp313-cp313-manylinux_2_5_x86_64.manylinux1_x86_64.whl", hash = "sha256:d84ac384a63285132e67762c87681191c25e28a1df7560287ec3889d9eb223b5", size = 282088, upload-time = "2026-01-13T15:53:06.632Z" },
    { url = "https://files.pythonhosted.org/packages/3e/27/20d3924943df34361fae9c6a0489ae89d0b07571693245c61678d185e4a4/pyqt5_sip-12.18.0-cp313-cp313-win32.whl", hash = "sha256:95bba4670ecf5cba73958b85aa2087c17838a402ed251c38e68060c7665c998b", size = 49501, upload-time = "2026-01-13T15:53:11.159Z" },
    { url = "https://files.pythonhosted.org/packages/3f/36/e251623c12968730730512a9e5150430e36246afbe64894610190b896f61/pyqt5_sip-12.18.0-cp313-cp313-win_amd64.whl", hash = "sha256:aac4adc37df2f2ac1dc259409be1900f07332d140a12c9db7c84112cef64ff59", size = 58076, upload-time = "2026-01-13T15:53:09.928Z" },
    { url = "https://files.pythonhosted.org/packages/37/3a/b46a0116b1aacbb6156b2957eb5cb928c94b49f4626eb2540ca8d16ee757/pyqt5_sip-12.18.0-cp314-cp314-macosx_10_15_universal2.whl", hash = "sha256:8372ec8704bfd5e09942d0d055a1657eb4f702f4b30847a5e59df0496f99d67f", size = 124594, upload-time = "2026-01-13T15:53:13.159Z" },
    { url = "https://files.pythonhosted.org/packages/58/63/df3037f11391c25c5b0ab233d22e58b8f056cb1ce16d7ecadb844421ce75/pyqt5_sip-12.18.0-cp314-cp314-manylinux1_x86_64.manylinux_2_5_x86_64.whl", hash = "sha256:fdb45c7cd2af7eccd7370b994d432bfc7965079f845392760724f26771bb59dc", size = 339056, upload-time = "2026-01-13T15:53:16.558Z" },
    { url = "https://files.pythonhosted.org/packages/f5/e7/4f96b84520b8f8b7502682fd43f68f63ca6572b5858f56e5f61c76a54fe2/pyqt5_sip-12.18.0-cp314-cp314-manylinux_2_5_x86_64.manylinux1_x86_64.whl", hash = "sha256:92abe984becbde768954d6d0951f56d80a9868d2fd9e738e61fc944f0ff83dd6", size = 282439, upload-time = "2026-01-13T15:53:14.856Z" },
    { url = "https://files.pythonhosted.org/packages/79/8e/ccdf20d373ceba83e1d1b7f818505c375208ffde4a96376dc7dbe592406c/pyqt5_sip-12.18.0-cp314-cp314-win32.whl", hash = "sha256:bd9e3c6f81346f1b08d6db02305cdee20c009b43aa083d44ee2de47a7da0e123", size = 50713, upload-time = "2026-01-13T15:53:18.634Z" },
    { url = "https://files.pythonhosted.org/packages/7f/21/8486ed45977be615ec5371b24b47298b1cb0e1a455b419eddd0215078dba/pyqt5_sip-12.18.0-cp314-cp314-win_amd64.whl", hash = "sha256:6d948f1be619c645cd3bda54952bfdc1aef7c79242dccea6a6858748e61114b9", size = 59622, upload-time = "2026-01-13T15:53:17.714Z" },
]
